
Microsoft Visual Studio Solution File, Format Version 12.00
# Visual Studio 15
VisualStudioVersion = 15.0.28307.329
MinimumVisualStudioVersion = 10.0.40219.1
Project("{FAE04EC0-301F-11D3-BF4B-00C04F79EFBC}") = "EventBuddy", "EventBuddy\EventBuddy.csproj", "{C6AB7CAD-9087-4FE9-A333-D233FE8FD95A}"
EndProject
Project("{FAE04EC0-301F-11D3-BF4B-00C04F79EFBC}") = "EventBuddyAPI", "EventBuddyAPI\EventBuddyAPI.csproj", "{7FD14453-3A90-4D34-AE01-A900C8B1F78E}"
EndProject
Global
	GlobalSection(SolutionConfigurationPlatforms) = preSolution
		Debug|Any CPU = Debug|Any CPU
		Release|Any CPU = Release|Any CPU
	EndGlobalSection
	GlobalSection(ProjectConfigurationPlatforms) = postSolution
		{C6AB7CAD-9087-4FE9-A333-D233FE8FD95A}.Debug|Any CPU.ActiveCfg = Debug|Any CPU
		{C6AB7CAD-9087-4FE9-A333-D233FE8FD95A}.Debug|Any CPU.Build.0 = Debug|Any CPU
		{C6AB7CAD-9087-4FE9-A333-D233FE8FD95A}.Release|Any CPU.ActiveCfg = Release|Any CPU
		{C6AB7CAD-9087-4FE9-A333-D233FE8FD95A}.Release|Any CPU.Build.0 = Release|Any CPU
		{7FD14453-3A90-4D34-AE01-A900C8B1F78E}.Debug|Any CPU.ActiveCfg = Debug|Any CPU
		{7FD14453-3A90-4D34-AE01-A900C8B1F78E}.Debug|Any CPU.Build.0 = Debug|Any CPU
		{7FD14453-3A90-4D34-AE01-A900C8B1F78E}.Release|Any CPU.ActiveCfg = Release|Any CPU
		{7FD14453-3A90-4D34-AE01-A900C8B1F78E}.Release|Any CPU.Build.0 = Release|Any CPU
	EndGlobalSection
	GlobalSection(SolutionProperties) = preSolution
		HideSolutionNode = FALSE
	EndGlobalSection
	GlobalSection(ExtensibilityGlobals) = postSolution
		SolutionGuid = {5118B9C1-0CB1-41FF-A849-B3BEA652A0AC}
	EndGlobalSection
EndGlobal
